
Microsoft Visual Studio Solution File, Format Version 12.00
# Visual Studio 15
Project("{FAE04EC0-301F-11D3-BF4B-00C04F79EFBC}") = "ToDoList", "ToDoList\ToDoList.csproj", "{E97FFC81-8585-426D-90EB-9DC800C2CAF7}"
EndProject
Global
	GlobalSection(SolutionConfigurationPlatforms) = preSolution
		Debug|anycpu = Debug|anycpu
		Release|anycpu = Release|anycpu
	EndGlobalSection
	GlobalSection(ProjectConfigurationPlatforms) = postSolution
		{E97FFC81-8585-426D-90EB-9DC800C2CAF7}.Debug|anycpu.ActiveCfg = Debug|anycpu
		{E97FFC81-8585-426D-90EB-9DC800C2CAF7}.Debug|anycpu.Build.0 = Debug|anycpu
		{E97FFC81-8585-426D-90EB-9DC800C2CAF7}.Release|anycpu.ActiveCfg = Release|anycpu
		{E97FFC81-8585-426D-90EB-9DC800C2CAF7}.Release|anycpu.Build.0 = Release|anycpu
	EndGlobalSection
EndGlobal
